{
  "version": 4,
  "terraform_version": "1.14.3",
  "serial": 210,
  "lineage": "cde3f67e-743e-d1d9-0817-86be67267d0c",
  "outputs": {
    "distribution_config": {
      "value": {
        "replicas": [
          {
            "app_port": 3000,
            "host": "35.190.130.221",
            "id": 1,
            "region": "us-east1"
          },
          {
            "app_port": 3000,
            "host": "34.11.206.50",
            "id": 2,
            "region": "us-west1"
          },
          {
            "app_port": 3000,
            "host": "34.78.120.125",
            "id": 3,
            "region": "europe-west1"
          }
        ]
      },
      "type": [
        "object",
        {
          "replicas": [
            "tuple",
            [
              [
                "object",
                {
                  "app_port": "number",
                  "host": "string",
                  "id": "number",
                  "region": "string"
                }
              ],
              [
                "object",
                {
                  "app_port": "number",
                  "host": "string",
                  "id": "number",
                  "region": "string"
                }
              ],
              [
                "object",
                {
                  "app_port": "number",
                  "host": "string",
                  "id": "number",
                  "region": "string"
                }
              ]
            ]
          ]
        }
      ]
    },
    "instance_details": {
      "value": {
        "europe_west1": {
          "instance_id": "4423471930305924722",
          "private_ip": "10.2.1.2",
          "public_ip": "34.78.120.125",
          "region": "europe-west1",
          "zone": "europe-west1-b"
        },
        "us_east1": {
          "instance_id": "6594506516077465201",
          "private_ip": "10.0.1.2",
          "public_ip": "35.190.130.221",
          "region": "us-east1",
          "zone": "us-east1-b"
        },
        "us_west1": {
          "instance_id": "6571363114867740259",
          "private_ip": "10.1.1.2",
          "public_ip": "34.11.206.50",
          "region": "us-west1",
          "zone": "us-west1-a"
        }
      },
      "type": [
        "object",
        {
          "europe_west1": [
            "object",
            {
              "instance_id": "string",
              "private_ip": "string",
              "public_ip": "string",
              "region": "string",
              "zone": "string"
            }
          ],
          "us_east1": [
            "object",
            {
              "instance_id": "string",
              "private_ip": "string",
              "public_ip": "string",
              "region": "string",
              "zone": "string"
            }
          ],
          "us_west1": [
            "object",
            {
              "instance_id": "string",
              "private_ip": "string",
              "public_ip": "string",
              "region": "string",
              "zone": "string"
            }
          ]
        }
      ]
    },
    "ssh_commands": {
      "value": {
        "europe_west1": "gcloud compute ssh grace-europe-west1 --zone=europe-west1-b",
        "us_east1": "gcloud compute ssh grace-us-east1 --zone=us-east1-b",
        "us_west1": "gcloud compute ssh grace-us-west1 --zone=us-west1-a"
      },
      "type": [
        "object",
        {
          "europe_west1": "string",
          "us_east1": "string",
          "us_west1": "string"
        }
      ]
    }
  },
  "resources": [
    {
      "module": "module.compute_europe_west1",
      "mode": "managed",
      "type": "google_compute_instance",
      "name": "grace_instance",
      "provider": "provider[\"registry.terraform.io/hashicorp/google\"]",
      "instances": [
        {
          "schema_version": 6,
          "attributes": {
            "advanced_machine_features": [],
            "allow_stopping_for_update": true,
            "attached_disk": [],
            "boot_disk": [
              {
                "auto_delete": true,
                "device_name": "persistent-disk-0",
                "disk_encryption_key_raw": "",
                "disk_encryption_key_sha256": "",
                "initialize_params": [
                  {
                    "enable_confidential_compute": false,
                    "image": "https://www.googleapis.com/compute/v1/projects/ubuntu-os-cloud/global/images/ubuntu-2204-jammy-v20251218",
                    "labels": {},
                    "provisioned_iops": 0,
                    "provisioned_throughput": 0,
                    "resource_manager_tags": null,
                    "size": 30,
                    "storage_pool": "",
                    "type": "pd-standard"
                  }
                ],
                "kms_key_self_link": "",
                "mode": "READ_WRITE",
                "source": "https://www.googleapis.com/compute/v1/projects/project-71a4f829-43ea-436f-be1/zones/europe-west1-b/disks/grace-europe-west1"
              }
            ],
            "can_ip_forward": false,
            "confidential_instance_config": [],
            "cpu_platform": "Intel Broadwell",
            "current_status": "RUNNING",
            "deletion_protection": false,
            "description": "",
            "desired_status": null,
            "effective_labels": {
              "project": "grace-benchmark",
              "region": "europe-west1"
            },
            "enable_display": false,
            "guest_accelerator": [],
            "hostname": "",
            "id": "projects/project-71a4f829-43ea-436f-be1/zones/europe-west1-b/instances/grace-europe-west1",
            "instance_id": "4423471930305924722",
            "label_fingerprint": "5kJrA6HDEBM=",
            "labels": {
              "project": "grace-benchmark",
              "region": "europe-west1"
            },
            "machine_type": "e2-micro",
            "metadata": {
              "ssh-keys": "pandey:ssh-ed25519 AAAAC3NzaC1lZDI1NTE5AAAAIFWNjX7uUmyb7AQ/Q6v5c2moGIwRuoK/1uMFrV5c/BGw pandey@Ayushs-MacBook-Pro.local"
            },
            "metadata_fingerprint": "DBw02Nx1AY0=",
            "metadata_startup_script": "    #!/bin/bash\n    set -e\n    \n    # Function to wait for dpkg lock to be released\n    wait_for_dpkg_lock() {\n        echo \"Waiting for dpkg lock to be released...\"\n        while fuser /var/lib/dpkg/lock-frontend \u003e/dev/null 2\u003e\u00261; do\n            sleep 5\n        done\n        echo \"dpkg lock released\"\n    }\n    \n    # Wait for any existing dpkg processes to complete\n    wait_for_dpkg_lock\n    \n    # Update system\n    apt-get update\n    apt-get install -y apt-transport-https ca-certificates curl software-properties-common jq\n    \n    # Install Docker\n    curl -fsSL https://download.docker.com/linux/ubuntu/gpg | apt-key add -\n    add-apt-repository \"deb [arch=amd64] https://download.docker.com/linux/ubuntu $(lsb_release -cs) stable\"\n    \n    # Wait for lock again after adding repository\n    wait_for_dpkg_lock\n    apt-get update\n    apt-get install -y docker-ce docker-ce-cli containerd.io docker-compose-plugin\n    \n    # Start and enable Docker service\n    systemctl start docker\n    systemctl enable docker\n    \n    # Add default user to docker group and create docker startup script\n    DEFAULT_USER=$(ls /home | head -1)\n    if [ ! -z \"$DEFAULT_USER\" ]; then\n        usermod -aG docker \"$DEFAULT_USER\"\n        \n        # Create a script to fix Docker permissions on login\n        cat \u003e /home/$DEFAULT_USER/start-docker.sh \u003c\u003c 'DOCKER_SCRIPT'\n#!/bin/bash\n# Fix Docker permissions and start Docker if needed\nsudo systemctl start docker 2\u003e/dev/null || true\nsudo chmod 666 /var/run/docker.sock 2\u003e/dev/null || true\necho \"Docker is ready! You can now run: docker ps\"\nDOCKER_SCRIPT\n        chmod +x /home/$DEFAULT_USER/start-docker.sh\n        chown $DEFAULT_USER:$DEFAULT_USER /home/$DEFAULT_USER/start-docker.sh\n        \n        # Add to bashrc for automatic setup\n        echo \"\" \u003e\u003e /home/$DEFAULT_USER/.bashrc\n        echo \"# GRACE Docker setup\" \u003e\u003e /home/$DEFAULT_USER/.bashrc\n        echo \"if [ -f ~/start-docker.sh ] \u0026\u0026 [ ! -w /var/run/docker.sock ]; then\" \u003e\u003e /home/$DEFAULT_USER/.bashrc\n        echo \"    echo 'Setting up Docker permissions...'\" \u003e\u003e /home/$DEFAULT_USER/.bashrc\n        echo \"    ~/start-docker.sh\" \u003e\u003e /home/$DEFAULT_USER/.bashrc\n        echo \"fi\" \u003e\u003e /home/$DEFAULT_USER/.bashrc\n    fi\n    \n    # Set proper permissions on Docker socket\n    chmod 666 /var/run/docker.sock\n    \n    # Install Python3 and pip\n    wait_for_dpkg_lock\n    apt-get install -y python3 python3-pip python3-venv\n    \n    # Install Java 11 (for YCSB)\n    apt-get install -y openjdk-11-jdk\n\n    # Install Maven\n    apt-get install -y maven\n    \n    # Create signal file\n    touch /tmp/user-data-complete\n    \n    echo \"GRACE GCP instance initialization complete!\"\n",
            "min_cpu_platform": "",
            "name": "grace-europe-west1",
            "network_interface": [
              {
                "access_config": [
                  {
                    "nat_ip": "34.78.120.125",
                    "network_tier": "PREMIUM",
                    "public_ptr_domain_name": ""
                  }
                ],
                "alias_ip_range": [],
                "internal_ipv6_prefix_length": 0,
                "ipv6_access_config": [],
                "ipv6_access_type": "",
                "ipv6_address": "",
                "name": "nic0",
                "network": "https://www.googleapis.com/compute/v1/projects/project-71a4f829-43ea-436f-be1/global/networks/grace-network",
                "network_ip": "10.2.1.2",
                "nic_type": "",
                "queue_count": 0,
                "stack_type": "IPV4_ONLY",
                "subnetwork": "https://www.googleapis.com/compute/v1/projects/project-71a4f829-43ea-436f-be1/regions/europe-west1/subnetworks/grace-network-europe-west1",
                "subnetwork_project": "project-71a4f829-43ea-436f-be1"
              }
            ],
            "network_performance_config": [],
            "params": [],
            "project": "project-71a4f829-43ea-436f-be1",
            "reservation_affinity": [],
            "resource_policies": null,
            "scheduling": [
              {
                "automatic_restart": true,
                "instance_termination_action": "",
                "local_ssd_recovery_timeout": [],
                "max_run_duration": [],
                "min_node_cpus": 0,
                "node_affinities": [],
                "on_host_maintenance": "MIGRATE",
                "on_instance_stop_action": [],
                "preemptible": false,
                "provisioning_model": "STANDARD"
              }
            ],
            "scratch_disk": [],
            "self_link": "https://www.googleapis.com/compute/v1/projects/project-71a4f829-43ea-436f-be1/zones/europe-west1-b/instances/grace-europe-west1",
            "service_account": [],
            "shielded_instance_config": [
              {
                "enable_integrity_monitoring": true,
                "enable_secure_boot": false,
                "enable_vtpm": true
              }
            ],
            "tags": [
              "grace-benchmark"
            ],
            "tags_fingerprint": "RA6_HISpxWI=",
            "terraform_labels": {
              "project": "grace-benchmark",
              "region": "europe-west1"
            },
            "timeouts": null,
            "zone": "europe-west1-b"
          },
          "sensitive_attributes": [
            [
              {
                "type": "get_attr",
                "value": "boot_disk"
              },
              {
                "type": "index",
                "value": {
                  "value": 0,
                  "type": "number"
                }
              },
              {
                "type": "get_attr",
                "value": "disk_encryption_key_raw"
              }
            ]
          ],
          "identity_schema_version": 0,
          "private": "eyJlMmJmYjczMC1lY2FhLTExZTYtOGY4OC0zNDM2M2JjN2M0YzAiOnsiY3JlYXRlIjoxMjAwMDAwMDAwMDAwLCJkZWxldGUiOjEyMDAwMDAwMDAwMDAsInVwZGF0ZSI6MTIwMDAwMDAwMDAwMH0sInNjaGVtYV92ZXJzaW9uIjoiNiJ9",
          "dependencies": [
            "module.vpc.google_compute_network.grace_network",
            "module.vpc.google_compute_subnetwork.europe_west1"
          ]
        }
      ]
    },
    {
      "module": "module.compute_us_east1",
      "mode": "managed",
      "type": "google_compute_instance",
      "name": "grace_instance",
      "provider": "provider[\"registry.terraform.io/hashicorp/google\"]",
      "instances": [
        {
          "schema_version": 6,
          "attributes": {
            "advanced_machine_features": [],
            "allow_stopping_for_update": true,
            "attached_disk": [],
            "boot_disk": [
              {
                "auto_delete": true,
                "device_name": "persistent-disk-0",
                "disk_encryption_key_raw": "",
                "disk_encryption_key_sha256": "",
                "initialize_params": [
                  {
                    "enable_confidential_compute": false,
                    "image": "https://www.googleapis.com/compute/v1/projects/ubuntu-os-cloud/global/images/ubuntu-2204-jammy-v20251218",
                    "labels": {},
                    "provisioned_iops": 0,
                    "provisioned_throughput": 0,
                    "resource_manager_tags": null,
                    "size": 30,
                    "storage_pool": "",
                    "type": "pd-standard"
                  }
                ],
                "kms_key_self_link": "",
                "mode": "READ_WRITE",
                "source": "https://www.googleapis.com/compute/v1/projects/project-71a4f829-43ea-436f-be1/zones/us-east1-b/disks/grace-us-east1"
              }
            ],
            "can_ip_forward": false,
            "confidential_instance_config": [],
            "cpu_platform": "Intel Broadwell",
            "current_status": "RUNNING",
            "deletion_protection": false,
            "description": "",
            "desired_status": null,
            "effective_labels": {
              "project": "grace-benchmark",
              "region": "us-east1"
            },
            "enable_display": false,
            "guest_accelerator": [],
            "hostname": "",
            "id": "projects/project-71a4f829-43ea-436f-be1/zones/us-east1-b/instances/grace-us-east1",
            "instance_id": "6594506516077465201",
            "label_fingerprint": "NX32-im9D2Q=",
            "labels": {
              "project": "grace-benchmark",
              "region": "us-east1"
            },
            "machine_type": "e2-micro",
            "metadata": {
              "ssh-keys": "pandey:ssh-ed25519 AAAAC3NzaC1lZDI1NTE5AAAAIFWNjX7uUmyb7AQ/Q6v5c2moGIwRuoK/1uMFrV5c/BGw pandey@Ayushs-MacBook-Pro.local"
            },
            "metadata_fingerprint": "DBw02Nx1AY0=",
            "metadata_startup_script": "    #!/bin/bash\n    set -e\n    \n    # Function to wait for dpkg lock to be released\n    wait_for_dpkg_lock() {\n        echo \"Waiting for dpkg lock to be released...\"\n        while fuser /var/lib/dpkg/lock-frontend \u003e/dev/null 2\u003e\u00261; do\n            sleep 5\n        done\n        echo \"dpkg lock released\"\n    }\n    \n    # Wait for any existing dpkg processes to complete\n    wait_for_dpkg_lock\n    \n    # Update system\n    apt-get update\n    apt-get install -y apt-transport-https ca-certificates curl software-properties-common jq\n    \n    # Install Docker\n    curl -fsSL https://download.docker.com/linux/ubuntu/gpg | apt-key add -\n    add-apt-repository \"deb [arch=amd64] https://download.docker.com/linux/ubuntu $(lsb_release -cs) stable\"\n    \n    # Wait for lock again after adding repository\n    wait_for_dpkg_lock\n    apt-get update\n    apt-get install -y docker-ce docker-ce-cli containerd.io docker-compose-plugin\n    \n    # Start and enable Docker service\n    systemctl start docker\n    systemctl enable docker\n    \n    # Add default user to docker group and create docker startup script\n    DEFAULT_USER=$(ls /home | head -1)\n    if [ ! -z \"$DEFAULT_USER\" ]; then\n        usermod -aG docker \"$DEFAULT_USER\"\n        \n        # Create a script to fix Docker permissions on login\n        cat \u003e /home/$DEFAULT_USER/start-docker.sh \u003c\u003c 'DOCKER_SCRIPT'\n#!/bin/bash\n# Fix Docker permissions and start Docker if needed\nsudo systemctl start docker 2\u003e/dev/null || true\nsudo chmod 666 /var/run/docker.sock 2\u003e/dev/null || true\necho \"Docker is ready! You can now run: docker ps\"\nDOCKER_SCRIPT\n        chmod +x /home/$DEFAULT_USER/start-docker.sh\n        chown $DEFAULT_USER:$DEFAULT_USER /home/$DEFAULT_USER/start-docker.sh\n        \n        # Add to bashrc for automatic setup\n        echo \"\" \u003e\u003e /home/$DEFAULT_USER/.bashrc\n        echo \"# GRACE Docker setup\" \u003e\u003e /home/$DEFAULT_USER/.bashrc\n        echo \"if [ -f ~/start-docker.sh ] \u0026\u0026 [ ! -w /var/run/docker.sock ]; then\" \u003e\u003e /home/$DEFAULT_USER/.bashrc\n        echo \"    echo 'Setting up Docker permissions...'\" \u003e\u003e /home/$DEFAULT_USER/.bashrc\n        echo \"    ~/start-docker.sh\" \u003e\u003e /home/$DEFAULT_USER/.bashrc\n        echo \"fi\" \u003e\u003e /home/$DEFAULT_USER/.bashrc\n    fi\n    \n    # Set proper permissions on Docker socket\n    chmod 666 /var/run/docker.sock\n    \n    # Install Python3 and pip\n    wait_for_dpkg_lock\n    apt-get install -y python3 python3-pip python3-venv\n    \n    # Install Java 11 (for YCSB)\n    apt-get install -y openjdk-11-jdk\n\n    # Install Maven\n    apt-get install -y maven\n    \n    # Create signal file\n    touch /tmp/user-data-complete\n    \n    echo \"GRACE GCP instance initialization complete!\"\n",
            "min_cpu_platform": "",
            "name": "grace-us-east1",
            "network_interface": [
              {
                "access_config": [
                  {
                    "nat_ip": "35.190.130.221",
                    "network_tier": "PREMIUM",
                    "public_ptr_domain_name": ""
                  }
                ],
                "alias_ip_range": [],
                "internal_ipv6_prefix_length": 0,
                "ipv6_access_config": [],
                "ipv6_access_type": "",
                "ipv6_address": "",
                "name": "nic0",
                "network": "https://www.googleapis.com/compute/v1/projects/project-71a4f829-43ea-436f-be1/global/networks/grace-network",
                "network_ip": "10.0.1.2",
                "nic_type": "",
                "queue_count": 0,
                "stack_type": "IPV4_ONLY",
                "subnetwork": "https://www.googleapis.com/compute/v1/projects/project-71a4f829-43ea-436f-be1/regions/us-east1/subnetworks/grace-network-us-east1",
                "subnetwork_project": "project-71a4f829-43ea-436f-be1"
              }
            ],
            "network_performance_config": [],
            "params": [],
            "project": "project-71a4f829-43ea-436f-be1",
            "reservation_affinity": [],
            "resource_policies": null,
            "scheduling": [
              {
                "automatic_restart": true,
                "instance_termination_action": "",
                "local_ssd_recovery_timeout": [],
                "max_run_duration": [],
                "min_node_cpus": 0,
                "node_affinities": [],
                "on_host_maintenance": "MIGRATE",
                "on_instance_stop_action": [],
                "preemptible": false,
                "provisioning_model": "STANDARD"
              }
            ],
            "scratch_disk": [],
            "self_link": "https://www.googleapis.com/compute/v1/projects/project-71a4f829-43ea-436f-be1/zones/us-east1-b/instances/grace-us-east1",
            "service_account": [],
            "shielded_instance_config": [
              {
                "enable_integrity_monitoring": true,
                "enable_secure_boot": false,
                "enable_vtpm": true
              }
            ],
            "tags": [
              "grace-benchmark"
            ],
            "tags_fingerprint": "RA6_HISpxWI=",
            "terraform_labels": {
              "project": "grace-benchmark",
              "region": "us-east1"
            },
            "timeouts": null,
            "zone": "us-east1-b"
          },
          "sensitive_attributes": [
            [
              {
                "type": "get_attr",
                "value": "boot_disk"
              },
              {
                "type": "index",
                "value": {
                  "value": 0,
                  "type": "number"
                }
              },
              {
                "type": "get_attr",
                "value": "disk_encryption_key_raw"
              }
            ]
          ],
          "identity_schema_version": 0,
          "private": "eyJlMmJmYjczMC1lY2FhLTExZTYtOGY4OC0zNDM2M2JjN2M0YzAiOnsiY3JlYXRlIjoxMjAwMDAwMDAwMDAwLCJkZWxldGUiOjEyMDAwMDAwMDAwMDAsInVwZGF0ZSI6MTIwMDAwMDAwMDAwMH0sInNjaGVtYV92ZXJzaW9uIjoiNiJ9",
          "dependencies": [
            "module.vpc.google_compute_network.grace_network",
            "module.vpc.google_compute_subnetwork.us_east1"
          ]
        }
      ]
    },
    {
      "module": "module.compute_us_west1",
      "mode": "managed",
      "type": "google_compute_instance",
      "name": "grace_instance",
      "provider": "provider[\"registry.terraform.io/hashicorp/google\"]",
      "instances": [
        {
          "schema_version": 6,
          "attributes": {
            "advanced_machine_features": [],
            "allow_stopping_for_update": true,
            "attached_disk": [],
            "boot_disk": [
              {
                "auto_delete": true,
                "device_name": "persistent-disk-0",
                "disk_encryption_key_raw": "",
                "disk_encryption_key_sha256": "",
                "initialize_params": [
                  {
                    "enable_confidential_compute": false,
                    "image": "https://www.googleapis.com/compute/v1/projects/ubuntu-os-cloud/global/images/ubuntu-2204-jammy-v20251218",
                    "labels": {},
                    "provisioned_iops": 0,
                    "provisioned_throughput": 0,
                    "resource_manager_tags": null,
                    "size": 30,
                    "storage_pool": "",
                    "type": "pd-standard"
                  }
                ],
                "kms_key_self_link": "",
                "mode": "READ_WRITE",
                "source": "https://www.googleapis.com/compute/v1/projects/project-71a4f829-43ea-436f-be1/zones/us-west1-a/disks/grace-us-west1"
              }
            ],
            "can_ip_forward": false,
            "confidential_instance_config": [],
            "cpu_platform": "Intel Broadwell",
            "current_status": "RUNNING",
            "deletion_protection": false,
            "description": "",
            "desired_status": null,
            "effective_labels": {
              "project": "grace-benchmark",
              "region": "us-west1"
            },
            "enable_display": false,
            "guest_accelerator": [],
            "hostname": "",
            "id": "projects/project-71a4f829-43ea-436f-be1/zones/us-west1-a/instances/grace-us-west1",
            "instance_id": "6571363114867740259",
            "label_fingerprint": "T4pyIZ3bAb8=",
            "labels": {
              "project": "grace-benchmark",
              "region": "us-west1"
            },
            "machine_type": "e2-micro",
            "metadata": {
              "ssh-keys": "pandey:ssh-ed25519 AAAAC3NzaC1lZDI1NTE5AAAAIFWNjX7uUmyb7AQ/Q6v5c2moGIwRuoK/1uMFrV5c/BGw pandey@Ayushs-MacBook-Pro.local"
            },
            "metadata_fingerprint": "DBw02Nx1AY0=",
            "metadata_startup_script": "    #!/bin/bash\n    set -e\n    \n    # Function to wait for dpkg lock to be released\n    wait_for_dpkg_lock() {\n        echo \"Waiting for dpkg lock to be released...\"\n        while fuser /var/lib/dpkg/lock-frontend \u003e/dev/null 2\u003e\u00261; do\n            sleep 5\n        done\n        echo \"dpkg lock released\"\n    }\n    \n    # Wait for any existing dpkg processes to complete\n    wait_for_dpkg_lock\n    \n    # Update system\n    apt-get update\n    apt-get install -y apt-transport-https ca-certificates curl software-properties-common jq\n    \n    # Install Docker\n    curl -fsSL https://download.docker.com/linux/ubuntu/gpg | apt-key add -\n    add-apt-repository \"deb [arch=amd64] https://download.docker.com/linux/ubuntu $(lsb_release -cs) stable\"\n    \n    # Wait for lock again after adding repository\n    wait_for_dpkg_lock\n    apt-get update\n    apt-get install -y docker-ce docker-ce-cli containerd.io docker-compose-plugin\n    \n    # Start and enable Docker service\n    systemctl start docker\n    systemctl enable docker\n    \n    # Add default user to docker group and create docker startup script\n    DEFAULT_USER=$(ls /home | head -1)\n    if [ ! -z \"$DEFAULT_USER\" ]; then\n        usermod -aG docker \"$DEFAULT_USER\"\n        \n        # Create a script to fix Docker permissions on login\n        cat \u003e /home/$DEFAULT_USER/start-docker.sh \u003c\u003c 'DOCKER_SCRIPT'\n#!/bin/bash\n# Fix Docker permissions and start Docker if needed\nsudo systemctl start docker 2\u003e/dev/null || true\nsudo chmod 666 /var/run/docker.sock 2\u003e/dev/null || true\necho \"Docker is ready! You can now run: docker ps\"\nDOCKER_SCRIPT\n        chmod +x /home/$DEFAULT_USER/start-docker.sh\n        chown $DEFAULT_USER:$DEFAULT_USER /home/$DEFAULT_USER/start-docker.sh\n        \n        # Add to bashrc for automatic setup\n        echo \"\" \u003e\u003e /home/$DEFAULT_USER/.bashrc\n        echo \"# GRACE Docker setup\" \u003e\u003e /home/$DEFAULT_USER/.bashrc\n        echo \"if [ -f ~/start-docker.sh ] \u0026\u0026 [ ! -w /var/run/docker.sock ]; then\" \u003e\u003e /home/$DEFAULT_USER/.bashrc\n        echo \"    echo 'Setting up Docker permissions...'\" \u003e\u003e /home/$DEFAULT_USER/.bashrc\n        echo \"    ~/start-docker.sh\" \u003e\u003e /home/$DEFAULT_USER/.bashrc\n        echo \"fi\" \u003e\u003e /home/$DEFAULT_USER/.bashrc\n    fi\n    \n    # Set proper permissions on Docker socket\n    chmod 666 /var/run/docker.sock\n    \n    # Install Python3 and pip\n    wait_for_dpkg_lock\n    apt-get install -y python3 python3-pip python3-venv\n    \n    # Install Java 11 (for YCSB)\n    apt-get install -y openjdk-11-jdk\n\n    # Install Maven\n    apt-get install -y maven\n    \n    # Create signal file\n    touch /tmp/user-data-complete\n    \n    echo \"GRACE GCP instance initialization complete!\"\n",
            "min_cpu_platform": "",
            "name": "grace-us-west1",
            "network_interface": [
              {
                "access_config": [
                  {
                    "nat_ip": "34.11.206.50",
                    "network_tier": "PREMIUM",
                    "public_ptr_domain_name": ""
                  }
                ],
                "alias_ip_range": [],
                "internal_ipv6_prefix_length": 0,
                "ipv6_access_config": [],
                "ipv6_access_type": "",
                "ipv6_address": "",
                "name": "nic0",
                "network": "https://www.googleapis.com/compute/v1/projects/project-71a4f829-43ea-436f-be1/global/networks/grace-network",
                "network_ip": "10.1.1.2",
                "nic_type": "",
                "queue_count": 0,
                "stack_type": "IPV4_ONLY",
                "subnetwork": "https://www.googleapis.com/compute/v1/projects/project-71a4f829-43ea-436f-be1/regions/us-west1/subnetworks/grace-network-us-west1",
                "subnetwork_project": "project-71a4f829-43ea-436f-be1"
              }
            ],
            "network_performance_config": [],
            "params": [],
            "project": "project-71a4f829-43ea-436f-be1",
            "reservation_affinity": [],
            "resource_policies": null,
            "scheduling": [
              {
                "automatic_restart": true,
                "instance_termination_action": "",
                "local_ssd_recovery_timeout": [],
                "max_run_duration": [],
                "min_node_cpus": 0,
                "node_affinities": [],
                "on_host_maintenance": "MIGRATE",
                "on_instance_stop_action": [],
                "preemptible": false,
                "provisioning_model": "STANDARD"
              }
            ],
            "scratch_disk": [],
            "self_link": "https://www.googleapis.com/compute/v1/projects/project-71a4f829-43ea-436f-be1/zones/us-west1-a/instances/grace-us-west1",
            "service_account": [],
            "shielded_instance_config": [
              {
                "enable_integrity_monitoring": true,
                "enable_secure_boot": false,
                "enable_vtpm": true
              }
            ],
            "tags": [
              "grace-benchmark"
            ],
            "tags_fingerprint": "RA6_HISpxWI=",
            "terraform_labels": {
              "project": "grace-benchmark",
              "region": "us-west1"
            },
            "timeouts": null,
            "zone": "us-west1-a"
          },
          "sensitive_attributes": [
            [
              {
                "type": "get_attr",
                "value": "boot_disk"
              },
              {
                "type": "index",
                "value": {
                  "value": 0,
                  "type": "number"
                }
              },
              {
                "type": "get_attr",
                "value": "disk_encryption_key_raw"
              }
            ]
          ],
          "identity_schema_version": 0,
          "private": "eyJlMmJmYjczMC1lY2FhLTExZTYtOGY4OC0zNDM2M2JjN2M0YzAiOnsiY3JlYXRlIjoxMjAwMDAwMDAwMDAwLCJkZWxldGUiOjEyMDAwMDAwMDAwMDAsInVwZGF0ZSI6MTIwMDAwMDAwMDAwMH0sInNjaGVtYV92ZXJzaW9uIjoiNiJ9",
          "dependencies": [
            "module.vpc.google_compute_network.grace_network",
            "module.vpc.google_compute_subnetwork.us_west1"
          ]
        }
      ]
    },
    {
      "module": "module.firewall",
      "mode": "managed",
      "type": "google_compute_firewall",
      "name": "app",
      "provider": "provider[\"registry.terraform.io/hashicorp/google\"]",
      "instances": [
        {
          "schema_version": 1,
          "attributes": {
            "allow": [
              {
                "ports": [
                  "3000",
                  "7000",
                  "7001",
                  "7474",
                  "7687",
                  "8529",
                  "27017",
                  "9042"
                ],
                "protocol": "tcp"
              }
            ],
            "creation_timestamp": "2026-01-13T08:19:09.798-08:00",
            "deny": [],
            "description": "",
            "destination_ranges": [],
            "direction": "INGRESS",
            "disabled": false,
            "enable_logging": null,
            "id": "projects/project-71a4f829-43ea-436f-be1/global/firewalls/grace-network-allow-app",
            "log_config": [],
            "name": "grace-network-allow-app",
            "network": "https://www.googleapis.com/compute/v1/projects/project-71a4f829-43ea-436f-be1/global/networks/grace-network",
            "priority": 1000,
            "project": "project-71a4f829-43ea-436f-be1",
            "self_link": "https://www.googleapis.com/compute/v1/projects/project-71a4f829-43ea-436f-be1/global/firewalls/grace-network-allow-app",
            "source_ranges": [
              "0.0.0.0/0"
            ],
            "source_service_accounts": null,
            "source_tags": null,
            "target_service_accounts": null,
            "target_tags": [
              "grace-benchmark"
            ],
            "timeouts": null
          },
          "sensitive_attributes": [],
          "identity_schema_version": 0,
          "private": "eyJlMmJmYjczMC1lY2FhLTExZTYtOGY4OC0zNDM2M2JjN2M0YzAiOnsiY3JlYXRlIjoxMjAwMDAwMDAwMDAwLCJkZWxldGUiOjEyMDAwMDAwMDAwMDAsInVwZGF0ZSI6MTIwMDAwMDAwMDAwMH0sInNjaGVtYV92ZXJzaW9uIjoiMSJ9",
          "dependencies": [
            "module.vpc.google_compute_network.grace_network"
          ]
        }
      ]
    },
    {
      "module": "module.firewall",
      "mode": "managed",
      "type": "google_compute_firewall",
      "name": "internal",
      "provider": "provider[\"registry.terraform.io/hashicorp/google\"]",
      "instances": [
        {
          "schema_version": 1,
          "attributes": {
            "allow": [
              {
                "ports": [
                  "0-65535"
                ],
                "protocol": "tcp"
              },
              {
                "ports": [
                  "0-65535"
                ],
                "protocol": "udp"
              },
              {
                "ports": [],
                "protocol": "icmp"
              }
            ],
            "creation_timestamp": "2026-01-13T08:19:09.756-08:00",
            "deny": [],
            "description": "",
            "destination_ranges": [],
            "direction": "INGRESS",
            "disabled": false,
            "enable_logging": null,
            "id": "projects/project-71a4f829-43ea-436f-be1/global/firewalls/grace-network-allow-internal",
            "log_config": [],
            "name": "grace-network-allow-internal",
            "network": "https://www.googleapis.com/compute/v1/projects/project-71a4f829-43ea-436f-be1/global/networks/grace-network",
            "priority": 1000,
            "project": "project-71a4f829-43ea-436f-be1",
            "self_link": "https://www.googleapis.com/compute/v1/projects/project-71a4f829-43ea-436f-be1/global/firewalls/grace-network-allow-internal",
            "source_ranges": null,
            "source_service_accounts": null,
            "source_tags": [
              "grace-benchmark"
            ],
            "target_service_accounts": null,
            "target_tags": [
              "grace-benchmark"
            ],
            "timeouts": null
          },
          "sensitive_attributes": [],
          "identity_schema_version": 0,
          "private": "eyJlMmJmYjczMC1lY2FhLTExZTYtOGY4OC0zNDM2M2JjN2M0YzAiOnsiY3JlYXRlIjoxMjAwMDAwMDAwMDAwLCJkZWxldGUiOjEyMDAwMDAwMDAwMDAsInVwZGF0ZSI6MTIwMDAwMDAwMDAwMH0sInNjaGVtYV92ZXJzaW9uIjoiMSJ9",
          "dependencies": [
            "module.vpc.google_compute_network.grace_network"
          ]
        }
      ]
    },
    {
      "module": "module.firewall",
      "mode": "managed",
      "type": "google_compute_firewall",
      "name": "ssh",
      "provider": "provider[\"registry.terraform.io/hashicorp/google\"]",
      "instances": [
        {
          "schema_version": 1,
          "attributes": {
            "allow": [
              {
                "ports": [
                  "22"
                ],
                "protocol": "tcp"
              }
            ],
            "creation_timestamp": "2026-01-13T08:19:09.771-08:00",
            "deny": [],
            "description": "",
            "destination_ranges": [],
            "direction": "INGRESS",
            "disabled": false,
            "enable_logging": null,
            "id": "projects/project-71a4f829-43ea-436f-be1/global/firewalls/grace-network-allow-ssh",
            "log_config": [],
            "name": "grace-network-allow-ssh",
            "network": "https://www.googleapis.com/compute/v1/projects/project-71a4f829-43ea-436f-be1/global/networks/grace-network",
            "priority": 1000,
            "project": "project-71a4f829-43ea-436f-be1",
            "self_link": "https://www.googleapis.com/compute/v1/projects/project-71a4f829-43ea-436f-be1/global/firewalls/grace-network-allow-ssh",
            "source_ranges": [
              "0.0.0.0/0"
            ],
            "source_service_accounts": null,
            "source_tags": null,
            "target_service_accounts": null,
            "target_tags": [
              "grace-benchmark"
            ],
            "timeouts": null
          },
          "sensitive_attributes": [],
          "identity_schema_version": 0,
          "private": "eyJlMmJmYjczMC1lY2FhLTExZTYtOGY4OC0zNDM2M2JjN2M0YzAiOnsiY3JlYXRlIjoxMjAwMDAwMDAwMDAwLCJkZWxldGUiOjEyMDAwMDAwMDAwMDAsInVwZGF0ZSI6MTIwMDAwMDAwMDAwMH0sInNjaGVtYV92ZXJzaW9uIjoiMSJ9",
          "dependencies": [
            "module.vpc.google_compute_network.grace_network"
          ]
        }
      ]
    },
    {
      "module": "module.vpc",
      "mode": "managed",
      "type": "google_compute_network",
      "name": "grace_network",
      "provider": "provider[\"registry.terraform.io/hashicorp/google\"]",
      "instances": [
        {
          "schema_version": 0,
          "attributes": {
            "auto_create_subnetworks": false,
            "delete_default_routes_on_create": false,
            "description": "",
            "enable_ula_internal_ipv6": false,
            "gateway_ipv4": "",
            "id": "projects/project-71a4f829-43ea-436f-be1/global/networks/grace-network",
            "internal_ipv6_range": "",
            "mtu": 0,
            "name": "grace-network",
            "network_firewall_policy_enforcement_order": "AFTER_CLASSIC_FIREWALL",
            "numeric_id": "6023007486088040072",
            "project": "project-71a4f829-43ea-436f-be1",
            "routing_mode": "REGIONAL",
            "self_link": "https://www.googleapis.com/compute/v1/projects/project-71a4f829-43ea-436f-be1/global/networks/grace-network",
            "timeouts": null
          },
          "sensitive_attributes": [],
          "identity_schema_version": 0,
          "private": "eyJlMmJmYjczMC1lY2FhLTExZTYtOGY4OC0zNDM2M2JjN2M0YzAiOnsiY3JlYXRlIjoxMjAwMDAwMDAwMDAwLCJkZWxldGUiOjEyMDAwMDAwMDAwMDAsInVwZGF0ZSI6MTIwMDAwMDAwMDAwMH19"
        }
      ]
    },
    {
      "module": "module.vpc",
      "mode": "managed",
      "type": "google_compute_subnetwork",
      "name": "europe_west1",
      "provider": "provider[\"registry.terraform.io/hashicorp/google\"]",
      "instances": [
        {
          "schema_version": 0,
          "attributes": {
            "creation_timestamp": "2026-01-13T08:19:09.862-08:00",
            "description": "",
            "external_ipv6_prefix": "",
            "fingerprint": null,
            "gateway_address": "10.2.1.1",
            "id": "projects/project-71a4f829-43ea-436f-be1/regions/europe-west1/subnetworks/grace-network-europe-west1",
            "internal_ipv6_prefix": "",
            "ip_cidr_range": "10.2.1.0/24",
            "ipv6_access_type": "",
            "ipv6_cidr_range": "",
            "log_config": [],
            "name": "grace-network-europe-west1",
            "network": "https://www.googleapis.com/compute/v1/projects/project-71a4f829-43ea-436f-be1/global/networks/grace-network",
            "private_ip_google_access": false,
            "private_ipv6_google_access": "DISABLE_GOOGLE_ACCESS",
            "project": "project-71a4f829-43ea-436f-be1",
            "purpose": "PRIVATE",
            "region": "europe-west1",
            "role": "",
            "secondary_ip_range": [],
            "self_link": "https://www.googleapis.com/compute/v1/projects/project-71a4f829-43ea-436f-be1/regions/europe-west1/subnetworks/grace-network-europe-west1",
            "send_secondary_ip_range_if_empty": null,
            "stack_type": "IPV4_ONLY",
            "timeouts": null
          },
          "sensitive_attributes": [],
          "identity_schema_version": 0,
          "private": "eyJlMmJmYjczMC1lY2FhLTExZTYtOGY4OC0zNDM2M2JjN2M0YzAiOnsiY3JlYXRlIjoxMjAwMDAwMDAwMDAwLCJkZWxldGUiOjEyMDAwMDAwMDAwMDAsInVwZGF0ZSI6MTIwMDAwMDAwMDAwMH19",
          "dependencies": [
            "module.vpc.google_compute_network.grace_network"
          ]
        }
      ]
    },
    {
      "module": "module.vpc",
      "mode": "managed",
      "type": "google_compute_subnetwork",
      "name": "us_east1",
      "provider": "provider[\"registry.terraform.io/hashicorp/google\"]",
      "instances": [
        {
          "schema_version": 0,
          "attributes": {
            "creation_timestamp": "2026-01-13T08:19:09.835-08:00",
            "description": "",
            "external_ipv6_prefix": "",
            "fingerprint": null,
            "gateway_address": "10.0.1.1",
            "id": "projects/project-71a4f829-43ea-436f-be1/regions/us-east1/subnetworks/grace-network-us-east1",
            "internal_ipv6_prefix": "",
            "ip_cidr_range": "10.0.1.0/24",
            "ipv6_access_type": "",
            "ipv6_cidr_range": "",
            "log_config": [],
            "name": "grace-network-us-east1",
            "network": "https://www.googleapis.com/compute/v1/projects/project-71a4f829-43ea-436f-be1/global/networks/grace-network",
            "private_ip_google_access": false,
            "private_ipv6_google_access": "DISABLE_GOOGLE_ACCESS",
            "project": "project-71a4f829-43ea-436f-be1",
            "purpose": "PRIVATE",
            "region": "us-east1",
            "role": "",
            "secondary_ip_range": [],
            "self_link": "https://www.googleapis.com/compute/v1/projects/project-71a4f829-43ea-436f-be1/regions/us-east1/subnetworks/grace-network-us-east1",
            "send_secondary_ip_range_if_empty": null,
            "stack_type": "IPV4_ONLY",
            "timeouts": null
          },
          "sensitive_attributes": [],
          "identity_schema_version": 0,
          "private": "eyJlMmJmYjczMC1lY2FhLTExZTYtOGY4OC0zNDM2M2JjN2M0YzAiOnsiY3JlYXRlIjoxMjAwMDAwMDAwMDAwLCJkZWxldGUiOjEyMDAwMDAwMDAwMDAsInVwZGF0ZSI6MTIwMDAwMDAwMDAwMH19",
          "dependencies": [
            "module.vpc.google_compute_network.grace_network"
          ]
        }
      ]
    },
    {
      "module": "module.vpc",
      "mode": "managed",
      "type": "google_compute_subnetwork",
      "name": "us_west1",
      "provider": "provider[\"registry.terraform.io/hashicorp/google\"]",
      "instances": [
        {
          "schema_version": 0,
          "attributes": {
            "creation_timestamp": "2026-01-13T08:19:10.937-08:00",
            "description": "",
            "external_ipv6_prefix": "",
            "fingerprint": null,
            "gateway_address": "10.1.1.1",
            "id": "projects/project-71a4f829-43ea-436f-be1/regions/us-west1/subnetworks/grace-network-us-west1",
            "internal_ipv6_prefix": "",
            "ip_cidr_range": "10.1.1.0/24",
            "ipv6_access_type": "",
            "ipv6_cidr_range": "",
            "log_config": [],
            "name": "grace-network-us-west1",
            "network": "https://www.googleapis.com/compute/v1/projects/project-71a4f829-43ea-436f-be1/global/networks/grace-network",
            "private_ip_google_access": false,
            "private_ipv6_google_access": "DISABLE_GOOGLE_ACCESS",
            "project": "project-71a4f829-43ea-436f-be1",
            "purpose": "PRIVATE",
            "region": "us-west1",
            "role": "",
            "secondary_ip_range": [],
            "self_link": "https://www.googleapis.com/compute/v1/projects/project-71a4f829-43ea-436f-be1/regions/us-west1/subnetworks/grace-network-us-west1",
            "send_secondary_ip_range_if_empty": null,
            "stack_type": "IPV4_ONLY",
            "timeouts": null
          },
          "sensitive_attributes": [],
          "identity_schema_version": 0,
          "private": "eyJlMmJmYjczMC1lY2FhLTExZTYtOGY4OC0zNDM2M2JjN2M0YzAiOnsiY3JlYXRlIjoxMjAwMDAwMDAwMDAwLCJkZWxldGUiOjEyMDAwMDAwMDAwMDAsInVwZGF0ZSI6MTIwMDAwMDAwMDAwMH19",
          "dependencies": [
            "module.vpc.google_compute_network.grace_network"
          ]
        }
      ]
    }
  ],
  "check_results": null
}
